# This file is generated by running "yarn install" inside your project.
# Manual changes might be lost - proceed with caution!

__metadata:
  version: 6
  cacheKey: 8

"prettier@npm:^3.5.2":
  version: 3.5.2
  resolution: "prettier@npm:3.5.2"
  bin:
    prettier: bin/prettier.cjs
  checksum: 77adb755fca32a4f4176d02f69766e3a1ced9dd7e8df721c9aa0daee3328c2ab3845ae56fa2cda0c37936f5ff4f3cf4c3cf4dfcbc0d021192356b2af1c5cb7f0
  languageName: node
  linkType: hard

"product-feedback-app@workspace:.":
  version: 0.0.0-use.local
  resolution: "product-feedback-app@workspace:."
  dependencies:
    prettier: ^3.5.2
  languageName: unknown
  linkType: soft
