# This file is generated by running "yarn install" inside your project.
# Manual changes might be lost - proceed with caution!

__metadata:
  version: 6
  cacheKey: 8

"@babel/code-frame@npm:^7.0.0":
  version: 7.26.2
  resolution: "@babel/code-frame@npm:7.26.2"
  dependencies:
    "@babel/helper-validator-identifier": ^7.25.9
    js-tokens: ^4.0.0
    picocolors: ^1.0.0
  checksum: db13f5c42d54b76c1480916485e6900748bbcb0014a8aca87f50a091f70ff4e0d0a6db63cade75eb41fcc3d2b6ba0a7f89e343def4f96f00269b41b8ab8dd7b8
  languageName: node
  linkType: hard

"@babel/helper-validator-identifier@npm:^7.25.9":
  version: 7.25.9
  resolution: "@babel/helper-validator-identifier@npm:7.25.9"
  checksum: 5b85918cb1a92a7f3f508ea02699e8d2422fe17ea8e82acd445006c0ef7520fbf48e3dbcdaf7b0a1d571fc3a2715a29719e5226636cb6042e15fe6ed2a590944
  languageName: node
  linkType: hard

"@commitlint/cli@npm:^19.7.1":
  version: 19.7.1
  resolution: "@commitlint/cli@npm:19.7.1"
  dependencies:
    "@commitlint/format": ^19.5.0
    "@commitlint/lint": ^19.7.1
    "@commitlint/load": ^19.6.1
    "@commitlint/read": ^19.5.0
    "@commitlint/types": ^19.5.0
    tinyexec: ^0.3.0
    yargs: ^17.0.0
  bin:
    commitlint: cli.js
  checksum: cd32a310c78ed89734b5c105374be1237f20df2cb7d98e3bc81d869acc5c015796cc60b91a994582188995bee359480abce2d053d3ec514e648751067c40dc88
  languageName: node
  linkType: hard

"@commitlint/config-conventional@npm:^19.7.1":
  version: 19.7.1
  resolution: "@commitlint/config-conventional@npm:19.7.1"
  dependencies:
    "@commitlint/types": ^19.5.0
    conventional-changelog-conventionalcommits: ^7.0.2
  checksum: b80fbeeb1592f626a20abb5761697dd49f989aae7873a89ad93344287241451cd9b4d661fd139e32b366eb75c5cdcce42e17840d6b8d747bcce91a5c6f1c88d2
  languageName: node
  linkType: hard

"@commitlint/config-validator@npm:^19.5.0":
  version: 19.5.0
  resolution: "@commitlint/config-validator@npm:19.5.0"
  dependencies:
    "@commitlint/types": ^19.5.0
    ajv: ^8.11.0
  checksum: 681bfdcabcb0ff794ea65d95128083869c97039c3a352219d6d88a2d4f3d0412b8ec515db77433fc6b0fce072051beb103d16889d42e76ea97873191ec191b23
  languageName: node
  linkType: hard

"@commitlint/ensure@npm:^19.5.0":
  version: 19.5.0
  resolution: "@commitlint/ensure@npm:19.5.0"
  dependencies:
    "@commitlint/types": ^19.5.0
    lodash.camelcase: ^4.3.0
    lodash.kebabcase: ^4.1.1
    lodash.snakecase: ^4.1.1
    lodash.startcase: ^4.4.0
    lodash.upperfirst: ^4.3.1
  checksum: a9d575637121221cb63232ee96024a63614052ccc205ec8fdab53feed70104b85608e31b4632f280d2876f10a2243474191d96e448b222abfc8d8ab48f9f8e7e
  languageName: node
  linkType: hard

"@commitlint/execute-rule@npm:^19.5.0":
  version: 19.5.0
  resolution: "@commitlint/execute-rule@npm:19.5.0"
  checksum: ff05568c3a287ef8564171d5bc5d4510b2e00b552e4703f79db3d62f3cba9d669710717695d199e04c2117d41f9e72d7e43a342d5c1b62d456bc8e8bb7dda1e9
  languageName: node
  linkType: hard

"@commitlint/format@npm:^19.5.0":
  version: 19.5.0
  resolution: "@commitlint/format@npm:19.5.0"
  dependencies:
    "@commitlint/types": ^19.5.0
    chalk: ^5.3.0
  checksum: 685b64ebee936d71bbbf66276b11d50b0227f2ad0df3c00317d5b7e25bce8b1b8dbc65cc7c5c7fafc76cad11a83ad4378a666bf8f12a3eb1c7d6a2a6c6cb25aa
  languageName: node
  linkType: hard

"@commitlint/is-ignored@npm:^19.7.1":
  version: 19.7.1
  resolution: "@commitlint/is-ignored@npm:19.7.1"
  dependencies:
    "@commitlint/types": ^19.5.0
    semver: ^7.6.0
  checksum: 489624ca405b4dc7c210db92a85d1860793fa534bb1460b913e4610eab1953fafc0d77f8a84dcdc7abcb79e8db7486799c4092063acbccafdc2772f6647215e5
  languageName: node
  linkType: hard

"@commitlint/lint@npm:^19.7.1":
  version: 19.7.1
  resolution: "@commitlint/lint@npm:19.7.1"
  dependencies:
    "@commitlint/is-ignored": ^19.7.1
    "@commitlint/parse": ^19.5.0
    "@commitlint/rules": ^19.6.0
    "@commitlint/types": ^19.5.0
  checksum: bdb37953d25622e62b2e5c8901a52947ac8248bff8ddff56187f7a00d392f982ec65630bfa3b5ca76c091d0fc84b45fbe5076ea3c635fd8571a157e1c792ab0a
  languageName: node
  linkType: hard

"@commitlint/load@npm:^19.6.1":
  version: 19.6.1
  resolution: "@commitlint/load@npm:19.6.1"
  dependencies:
    "@commitlint/config-validator": ^19.5.0
    "@commitlint/execute-rule": ^19.5.0
    "@commitlint/resolve-extends": ^19.5.0
    "@commitlint/types": ^19.5.0
    chalk: ^5.3.0
    cosmiconfig: ^9.0.0
    cosmiconfig-typescript-loader: ^6.1.0
    lodash.isplainobject: ^4.0.6
    lodash.merge: ^4.6.2
    lodash.uniq: ^4.5.0
  checksum: f340060751016de8e06f67137373f9ec51aff85ceb7ac8d5eec1bfb3693df38f7ad2c231fd1dd61acf58affb2f514761c12281328aacceaacef455d25d58c2ce
  languageName: node
  linkType: hard

"@commitlint/message@npm:^19.5.0":
  version: 19.5.0
  resolution: "@commitlint/message@npm:19.5.0"
  checksum: ad6993476ce3e6ed6ed7ae5327ac8d5116ca70168d9de6dff656a7e6f2b9f01a1c3ac7a13418831b5cdc3148ea9bcd78c32bdb7aa863280108e176ff803f7a51
  languageName: node
  linkType: hard

"@commitlint/parse@npm:^19.5.0":
  version: 19.5.0
  resolution: "@commitlint/parse@npm:19.5.0"
  dependencies:
    "@commitlint/types": ^19.5.0
    conventional-changelog-angular: ^7.0.0
    conventional-commits-parser: ^5.0.0
  checksum: 2a6f8bbbd79aa36a7e1128c60cecb322557110aa4aa8757c741c2f79071c540ba56957cef81fb64f4a304535e462d0c48b5c1ef1b2766fea7971d38ec5ad6384
  languageName: node
  linkType: hard

"@commitlint/read@npm:^19.5.0":
  version: 19.5.0
  resolution: "@commitlint/read@npm:19.5.0"
  dependencies:
    "@commitlint/top-level": ^19.5.0
    "@commitlint/types": ^19.5.0
    git-raw-commits: ^4.0.0
    minimist: ^1.2.8
    tinyexec: ^0.3.0
  checksum: 0ea2da48ae1bab9add9e831a1659306567755c20ec74cf04e6e50ef1e520970decd259af652995f55eef422a3f1382f0e64e5fbc23606176f766f71076ad872b
  languageName: node
  linkType: hard

"@commitlint/resolve-extends@npm:^19.5.0":
  version: 19.5.0
  resolution: "@commitlint/resolve-extends@npm:19.5.0"
  dependencies:
    "@commitlint/config-validator": ^19.5.0
    "@commitlint/types": ^19.5.0
    global-directory: ^4.0.1
    import-meta-resolve: ^4.0.0
    lodash.mergewith: ^4.6.2
    resolve-from: ^5.0.0
  checksum: 4198541f25fad991d9214373419a97aec9ff068a960d0a7f2070ea4c456aef0ac7c1ad49b55b20b0d4c57c19a55fad76806597d70a739781fdc74b6fbd5339a3
  languageName: node
  linkType: hard

"@commitlint/rules@npm:^19.6.0":
  version: 19.6.0
  resolution: "@commitlint/rules@npm:19.6.0"
  dependencies:
    "@commitlint/ensure": ^19.5.0
    "@commitlint/message": ^19.5.0
    "@commitlint/to-lines": ^19.5.0
    "@commitlint/types": ^19.5.0
  checksum: d9493b5ed450306358197c504ff7bb8ca3ef41ef1067c15497fa30ac4dc3ace9dc8c970cd5d130a7ff0e686a9619a6122ab09b155bc9eacdf8e6a0096748b402
  languageName: node
  linkType: hard

"@commitlint/to-lines@npm:^19.5.0":
  version: 19.5.0
  resolution: "@commitlint/to-lines@npm:19.5.0"
  checksum: 68aaca7bf1331b5f2f604e814d57f483ead81a8296f8cff5667249510a5601825dfbbaccade3d02e0aca580b973c01419276d693cc9aa888cbe11022daa9dce6
  languageName: node
  linkType: hard

"@commitlint/top-level@npm:^19.5.0":
  version: 19.5.0
  resolution: "@commitlint/top-level@npm:19.5.0"
  dependencies:
    find-up: ^7.0.0
  checksum: f6b5a3746c458e12c7a9e93f7c856ba90fba6e61db614ea1201e6b6e92cb8161dd13e88d8c9b408709ea0c19bc949cffcd1dd356cb6f51fc2ede8df48c1fd410
  languageName: node
  linkType: hard

"@commitlint/types@npm:^19.5.0":
  version: 19.5.0
  resolution: "@commitlint/types@npm:19.5.0"
  dependencies:
    "@types/conventional-commits-parser": ^5.0.0
    chalk: ^5.3.0
  checksum: a26f33ec6987d7d93bdbd7e1b177cfac30ca056ea383faf343c6a09c0441aa057a24be1459c3d4e7e91edd2ecf8d6c4dd670948c9d22646d64767137c6db098a
  languageName: node
  linkType: hard

"@types/conventional-commits-parser@npm:^5.0.0":
  version: 5.0.1
  resolution: "@types/conventional-commits-parser@npm:5.0.1"
  dependencies:
    "@types/node": "*"
  checksum: b4eb4f22051d42e7ed9fd3bffe6ea0cf62ae493a3c6c775a16babbad977c934f4c09ec3fa93020894de2073d63cfcd3a27dd5f00984966161da6797dd88a0f0d
  languageName: node
  linkType: hard

"@types/node@npm:*":
  version: 22.13.8
  resolution: "@types/node@npm:22.13.8"
  dependencies:
    undici-types: ~6.20.0
  checksum: 6c07f95d88f1e286ec4517b35c8b53075e6076855fc52536c1ffad0e6b9091ec9ac2a0dd681b47e57da9196868c69342711a51ef1545f157aa893b5c546b8a36
  languageName: node
  linkType: hard

"JSONStream@npm:^1.3.5":
  version: 1.3.5
  resolution: "JSONStream@npm:1.3.5"
  dependencies:
    jsonparse: ^1.2.0
    through: ">=2.2.7 <3"
  bin:
    JSONStream: ./bin.js
  checksum: 2605fa124260c61bad38bb65eba30d2f72216a78e94d0ab19b11b4e0327d572b8d530c0c9cc3b0764f727ad26d39e00bf7ebad57781ca6368394d73169c59e46
  languageName: node
  linkType: hard

"ajv@npm:^8.11.0":
  version: 8.17.1
  resolution: "ajv@npm:8.17.1"
  dependencies:
    fast-deep-equal: ^3.1.3
    fast-uri: ^3.0.1
    json-schema-traverse: ^1.0.0
    require-from-string: ^2.0.2
  checksum: 1797bf242cfffbaf3b870d13565bd1716b73f214bb7ada9a497063aada210200da36e3ed40237285f3255acc4feeae91b1fb183625331bad27da95973f7253d9
  languageName: node
  linkType: hard

"ansi-escapes@npm:^7.0.0":
  version: 7.0.0
  resolution: "ansi-escapes@npm:7.0.0"
  dependencies:
    environment: ^1.0.0
  checksum: 19baa61e68d1998c03b3b8bd023653a6c2667f0ed6caa9a00780ffd6f0a14f4a6563c57a38b3c0aba71bd704cd49c4c8df41be60bd81c957409f91e9dd49051f
  languageName: node
  linkType: hard

"ansi-regex@npm:^5.0.1":
  version: 5.0.1
  resolution: "ansi-regex@npm:5.0.1"
  checksum: 2aa4bb54caf2d622f1afdad09441695af2a83aa3fe8b8afa581d205e57ed4261c183c4d3877cee25794443fde5876417d859c108078ab788d6af7e4fe52eb66b
  languageName: node
  linkType: hard

"ansi-regex@npm:^6.0.1":
  version: 6.1.0
  resolution: "ansi-regex@npm:6.1.0"
  checksum: 495834a53b0856c02acd40446f7130cb0f8284f4a39afdab20d5dc42b2e198b1196119fe887beed8f9055c4ff2055e3b2f6d4641d0be018cdfb64fedf6fc1aac
  languageName: node
  linkType: hard

"ansi-styles@npm:^4.0.0":
  version: 4.3.0
  resolution: "ansi-styles@npm:4.3.0"
  dependencies:
    color-convert: ^2.0.1
  checksum: 513b44c3b2105dd14cc42a19271e80f386466c4be574bccf60b627432f9198571ebf4ab1e4c3ba17347658f4ee1711c163d574248c0c1cdc2d5917a0ad582ec4
  languageName: node
  linkType: hard

"ansi-styles@npm:^6.0.0, ansi-styles@npm:^6.2.1":
  version: 6.2.1
  resolution: "ansi-styles@npm:6.2.1"
  checksum: ef940f2f0ced1a6347398da88a91da7930c33ecac3c77b72c5905f8b8fe402c52e6fde304ff5347f616e27a742da3f1dc76de98f6866c69251ad0b07a66776d9
  languageName: node
  linkType: hard

"argparse@npm:^2.0.1":
  version: 2.0.1
  resolution: "argparse@npm:2.0.1"
  checksum: 83644b56493e89a254bae05702abf3a1101b4fa4d0ca31df1c9985275a5a5bd47b3c27b7fa0b71098d41114d8ca000e6ed90cad764b306f8a503665e4d517ced
  languageName: node
  linkType: hard

"array-ify@npm:^1.0.0":
  version: 1.0.0
  resolution: "array-ify@npm:1.0.0"
  checksum: c0502015b319c93dd4484f18036bcc4b654eb76a4aa1f04afbcef11ac918859bb1f5d71ba1f0f1141770db9eef1a4f40f1761753650873068010bbf7bcdae4a4
  languageName: node
  linkType: hard

"braces@npm:^3.0.3":
  version: 3.0.3
  resolution: "braces@npm:3.0.3"
  dependencies:
    fill-range: ^7.1.1
  checksum: b95aa0b3bd909f6cd1720ffcf031aeaf46154dd88b4da01f9a1d3f7ea866a79eba76a6d01cbc3c422b2ee5cdc39a4f02491058d5df0d7bf6e6a162a832df1f69
  languageName: node
  linkType: hard

"callsites@npm:^3.0.0":
  version: 3.1.0
  resolution: "callsites@npm:3.1.0"
  checksum: 072d17b6abb459c2ba96598918b55868af677154bec7e73d222ef95a8fdb9bbf7dae96a8421085cdad8cd190d86653b5b6dc55a4484f2e5b2e27d5e0c3fc15b3
  languageName: node
  linkType: hard

"chalk@npm:^5.3.0, chalk@npm:^5.4.1":
  version: 5.4.1
  resolution: "chalk@npm:5.4.1"
  checksum: 0c656f30b782fed4d99198825c0860158901f449a6b12b818b0aabad27ec970389e7e8767d0e00762175b23620c812e70c4fd92c0210e55fc2d993638b74e86e
  languageName: node
  linkType: hard

"cli-cursor@npm:^5.0.0":
  version: 5.0.0
  resolution: "cli-cursor@npm:5.0.0"
  dependencies:
    restore-cursor: ^5.0.0
  checksum: 1eb9a3f878b31addfe8d82c6d915ec2330cec8447ab1f117f4aa34f0137fbb3137ec3466e1c9a65bcb7557f6e486d343f2da57f253a2f668d691372dfa15c090
  languageName: node
  linkType: hard

"cli-truncate@npm:^4.0.0":
  version: 4.0.0
  resolution: "cli-truncate@npm:4.0.0"
  dependencies:
    slice-ansi: ^5.0.0
    string-width: ^7.0.0
  checksum: d5149175fd25ca985731bdeec46a55ec237475cf74c1a5e103baea696aceb45e372ac4acbaabf1316f06bd62e348123060f8191ffadfeedebd2a70a2a7fb199d
  languageName: node
  linkType: hard

"cliui@npm:^8.0.1":
  version: 8.0.1
  resolution: "cliui@npm:8.0.1"
  dependencies:
    string-width: ^4.2.0
    strip-ansi: ^6.0.1
    wrap-ansi: ^7.0.0
  checksum: 79648b3b0045f2e285b76fb2e24e207c6db44323581e421c3acbd0e86454cba1b37aea976ab50195a49e7384b871e6dfb2247ad7dec53c02454ac6497394cb56
  languageName: node
  linkType: hard

"color-convert@npm:^2.0.1":
  version: 2.0.1
  resolution: "color-convert@npm:2.0.1"
  dependencies:
    color-name: ~1.1.4
  checksum: 79e6bdb9fd479a205c71d89574fccfb22bd9053bd98c6c4d870d65c132e5e904e6034978e55b43d69fcaa7433af2016ee203ce76eeba9cfa554b373e7f7db336
  languageName: node
  linkType: hard

"color-name@npm:~1.1.4":
  version: 1.1.4
  resolution: "color-name@npm:1.1.4"
  checksum: b0445859521eb4021cd0fb0cc1a75cecf67fceecae89b63f62b201cca8d345baf8b952c966862a9d9a2632987d4f6581f0ec8d957dfacece86f0a7919316f610
  languageName: node
  linkType: hard

"colorette@npm:^2.0.20":
  version: 2.0.20
  resolution: "colorette@npm:2.0.20"
  checksum: 0c016fea2b91b733eb9f4bcdb580018f52c0bc0979443dad930e5037a968237ac53d9beb98e218d2e9235834f8eebce7f8e080422d6194e957454255bde71d3d
  languageName: node
  linkType: hard

"commander@npm:^13.1.0":
  version: 13.1.0
  resolution: "commander@npm:13.1.0"
  checksum: 8ca2fcb33caf2aa06fba3722d7a9440921331d54019dabf906f3603313e7bf334b009b862257b44083ff65d5a3ab19e83ad73af282bd5319f01dc228bdf87ef0
  languageName: node
  linkType: hard

"compare-func@npm:^2.0.0":
  version: 2.0.0
  resolution: "compare-func@npm:2.0.0"
  dependencies:
    array-ify: ^1.0.0
    dot-prop: ^5.1.0
  checksum: fb71d70632baa1e93283cf9d80f30ac97f003aabee026e0b4426c9716678079ef5fea7519b84d012cbed938c476493866a38a79760564a9e21ae9433e40e6f0d
  languageName: node
  linkType: hard

"conventional-changelog-angular@npm:^7.0.0":
  version: 7.0.0
  resolution: "conventional-changelog-angular@npm:7.0.0"
  dependencies:
    compare-func: ^2.0.0
  checksum: 2478962ad7ce42878449ba3568347d704f22c5c9af1cd36916b5600734bd7f82c09712a338c649195c44e907f1b0372ce52d6cb51df643f495c89af05ad4bc48
  languageName: node
  linkType: hard

"conventional-changelog-conventionalcommits@npm:^7.0.2":
  version: 7.0.2
  resolution: "conventional-changelog-conventionalcommits@npm:7.0.2"
  dependencies:
    compare-func: ^2.0.0
  checksum: e17ac5970ae09d6e9b0c3a7edaed075b836c0c09c34c514589cbe06554f46ed525067fa8150a8467cc03b1cf9af2073e7ecf48790d4f5ea399921b1cbe313711
  languageName: node
  linkType: hard

"conventional-commits-parser@npm:^5.0.0":
  version: 5.0.0
  resolution: "conventional-commits-parser@npm:5.0.0"
  dependencies:
    JSONStream: ^1.3.5
    is-text-path: ^2.0.0
    meow: ^12.0.1
    split2: ^4.0.0
  bin:
    conventional-commits-parser: cli.mjs
  checksum: bb92a0bfe41802330d2d14ddb0f912fd65dd355f1aa294e708f4891aac95c580919a70580b9f26563c24c3335baaed2ce003104394a8fa5ba61eeb3889e45df0
  languageName: node
  linkType: hard

"cosmiconfig-typescript-loader@npm:^6.1.0":
  version: 6.1.0
  resolution: "cosmiconfig-typescript-loader@npm:6.1.0"
  dependencies:
    jiti: ^2.4.1
  peerDependencies:
    "@types/node": "*"
    cosmiconfig: ">=9"
    typescript: ">=5"
  checksum: 45114854faaa97178abd2ccad511363faa57c03321c7e39ad16619c63842b3f6147dd20118f9f07c9530a242a39c3107c791708bb0b987dad374e71f23f9468b
  languageName: node
  linkType: hard

"cosmiconfig@npm:^9.0.0":
  version: 9.0.0
  resolution: "cosmiconfig@npm:9.0.0"
  dependencies:
    env-paths: ^2.2.1
    import-fresh: ^3.3.0
    js-yaml: ^4.1.0
    parse-json: ^5.2.0
  peerDependencies:
    typescript: ">=4.9.5"
  peerDependenciesMeta:
    typescript:
      optional: true
  checksum: a30c424b53d442ea0bdd24cb1b3d0d8687c8dda4a17ab6afcdc439f8964438801619cdb66e8e79f63b9caa3e6586b60d8bab9ce203e72df6c5e80179b971fe8f
  languageName: node
  linkType: hard

"cross-spawn@npm:^7.0.3":
  version: 7.0.6
  resolution: "cross-spawn@npm:7.0.6"
  dependencies:
    path-key: ^3.1.0
    shebang-command: ^2.0.0
    which: ^2.0.1
  checksum: 8d306efacaf6f3f60e0224c287664093fa9185680b2d195852ba9a863f85d02dcc737094c6e512175f8ee0161f9b87c73c6826034c2422e39de7d6569cf4503b
  languageName: node
  linkType: hard

"dargs@npm:^8.0.0":
  version: 8.1.0
  resolution: "dargs@npm:8.1.0"
  checksum: 33f1b8f5f08e72c8a28355a87c0e1a9b6a0fec99252ecd9cf4735e65dd5f2e19747c860251ed5747b38e7204c7915fd7a7146aee5aaef5882c69169aae8b1d09
  languageName: node
  linkType: hard

"debug@npm:^4.4.0":
  version: 4.4.0
  resolution: "debug@npm:4.4.0"
  dependencies:
    ms: ^2.1.3
  peerDependenciesMeta:
    supports-color:
      optional: true
  checksum: fb42df878dd0e22816fc56e1fdca9da73caa85212fbe40c868b1295a6878f9101ae684f4eeef516c13acfc700f5ea07f1136954f43d4cd2d477a811144136479
  languageName: node
  linkType: hard

"dot-prop@npm:^5.1.0":
  version: 5.3.0
  resolution: "dot-prop@npm:5.3.0"
  dependencies:
    is-obj: ^2.0.0
  checksum: d5775790093c234ef4bfd5fbe40884ff7e6c87573e5339432870616331189f7f5d86575c5b5af2dcf0f61172990f4f734d07844b1f23482fff09e3c4bead05ea
  languageName: node
  linkType: hard

"emoji-regex@npm:^10.3.0":
  version: 10.4.0
  resolution: "emoji-regex@npm:10.4.0"
  checksum: a6d9a0e454829a52e664e049847776ee1fff5646617b06cd87de7c03ce1dfcce4102a3b154d5e9c8e90f8125bc120fc1fe114d523dddf60a8a161f26c72658d2
  languageName: node
  linkType: hard

"emoji-regex@npm:^8.0.0":
  version: 8.0.0
  resolution: "emoji-regex@npm:8.0.0"
  checksum: d4c5c39d5a9868b5fa152f00cada8a936868fd3367f33f71be515ecee4c803132d11b31a6222b2571b1e5f7e13890156a94880345594d0ce7e3c9895f560f192
  languageName: node
  linkType: hard

"env-paths@npm:^2.2.1":
  version: 2.2.1
  resolution: "env-paths@npm:2.2.1"
  checksum: 65b5df55a8bab92229ab2b40dad3b387fad24613263d103a97f91c9fe43ceb21965cd3392b1ccb5d77088021e525c4e0481adb309625d0cb94ade1d1fb8dc17e
  languageName: node
  linkType: hard

"environment@npm:^1.0.0":
  version: 1.1.0
  resolution: "environment@npm:1.1.0"
  checksum: dd3c1b9825e7f71f1e72b03c2344799ac73f2e9ef81b78ea8b373e55db021786c6b9f3858ea43a436a2c4611052670ec0afe85bc029c384cc71165feee2f4ba6
  languageName: node
  linkType: hard

"error-ex@npm:^1.3.1":
  version: 1.3.2
  resolution: "error-ex@npm:1.3.2"
  dependencies:
    is-arrayish: ^0.2.1
  checksum: c1c2b8b65f9c91b0f9d75f0debaa7ec5b35c266c2cac5de412c1a6de86d4cbae04ae44e510378cb14d032d0645a36925d0186f8bb7367bcc629db256b743a001
  languageName: node
  linkType: hard

"escalade@npm:^3.1.1":
  version: 3.2.0
  resolution: "escalade@npm:3.2.0"
  checksum: 47b029c83de01b0d17ad99ed766347b974b0d628e848de404018f3abee728e987da0d2d370ad4574aa3d5b5bfc368754fd085d69a30f8e75903486ec4b5b709e
  languageName: node
  linkType: hard

"eventemitter3@npm:^5.0.1":
  version: 5.0.1
  resolution: "eventemitter3@npm:5.0.1"
  checksum: 543d6c858ab699303c3c32e0f0f47fc64d360bf73c3daf0ac0b5079710e340d6fe9f15487f94e66c629f5f82cd1a8678d692f3dbb6f6fcd1190e1b97fcad36f8
  languageName: node
  linkType: hard

"execa@npm:^8.0.1":
  version: 8.0.1
  resolution: "execa@npm:8.0.1"
  dependencies:
    cross-spawn: ^7.0.3
    get-stream: ^8.0.1
    human-signals: ^5.0.0
    is-stream: ^3.0.0
    merge-stream: ^2.0.0
    npm-run-path: ^5.1.0
    onetime: ^6.0.0
    signal-exit: ^4.1.0
    strip-final-newline: ^3.0.0
  checksum: cac1bf86589d1d9b73bdc5dda65c52012d1a9619c44c526891956745f7b366ca2603d29fe3f7460bacc2b48c6eab5d6a4f7afe0534b31473d3708d1265545e1f
  languageName: node
  linkType: hard

"fast-deep-equal@npm:^3.1.3":
  version: 3.1.3
  resolution: "fast-deep-equal@npm:3.1.3"
  checksum: e21a9d8d84f53493b6aa15efc9cfd53dd5b714a1f23f67fb5dc8f574af80df889b3bce25dc081887c6d25457cce704e636395333abad896ccdec03abaf1f3f9d
  languageName: node
  linkType: hard

"fast-uri@npm:^3.0.1":
  version: 3.0.6
  resolution: "fast-uri@npm:3.0.6"
  checksum: 7161ba2a7944778d679ba8e5f00d6a2bb479a2142df0982f541d67be6c979b17808f7edbb0ce78161c85035974bde3fa52b5137df31da46c0828cb629ba67c4e
  languageName: node
  linkType: hard

"fill-range@npm:^7.1.1":
  version: 7.1.1
  resolution: "fill-range@npm:7.1.1"
  dependencies:
    to-regex-range: ^5.0.1
  checksum: b4abfbca3839a3d55e4ae5ec62e131e2e356bf4859ce8480c64c4876100f4df292a63e5bb1618e1d7460282ca2b305653064f01654474aa35c68000980f17798
  languageName: node
  linkType: hard

"find-up@npm:^7.0.0":
  version: 7.0.0
  resolution: "find-up@npm:7.0.0"
  dependencies:
    locate-path: ^7.2.0
    path-exists: ^5.0.0
    unicorn-magic: ^0.1.0
  checksum: e1c63860f9c04355ab2aa19f4be51c1a6e14a7d8cfbd8090e2be6da2a36a76995907cb45337a4b582b19b164388f71d6ab118869dc7bffb2093f2c089ecb95ee
  languageName: node
  linkType: hard

"get-caller-file@npm:^2.0.5":
  version: 2.0.5
  resolution: "get-caller-file@npm:2.0.5"
  checksum: b9769a836d2a98c3ee734a88ba712e62703f1df31b94b784762c433c27a386dd6029ff55c2a920c392e33657d80191edbf18c61487e198844844516f843496b9
  languageName: node
  linkType: hard

"get-east-asian-width@npm:^1.0.0":
  version: 1.3.0
  resolution: "get-east-asian-width@npm:1.3.0"
  checksum: 757a34c7a46ff385e2775f96f9d3e553f6b6666a8898fb89040d36a1010fba692332772945606a7d4b0f0c6afb84cd394e75d5477c56e1f00f1eb79603b0aecc
  languageName: node
  linkType: hard

"get-stream@npm:^8.0.1":
  version: 8.0.1
  resolution: "get-stream@npm:8.0.1"
  checksum: 01e3d3cf29e1393f05f44d2f00445c5f9ec3d1c49e8179b31795484b9c117f4c695e5e07b88b50785d5c8248a788c85d9913a79266fc77e3ef11f78f10f1b974
  languageName: node
  linkType: hard

"git-raw-commits@npm:^4.0.0":
  version: 4.0.0
  resolution: "git-raw-commits@npm:4.0.0"
  dependencies:
    dargs: ^8.0.0
    meow: ^12.0.1
    split2: ^4.0.0
  bin:
    git-raw-commits: cli.mjs
  checksum: 95546f4afcb33cf00ff638f7fec55ad61d4d927447737900e1f6fcbbdbb341b3f150908424cc62acb6d9faaea6f1e8f55d0697b899f0589af9d2733afb20abfb
  languageName: node
  linkType: hard

"global-directory@npm:^4.0.1":
  version: 4.0.1
  resolution: "global-directory@npm:4.0.1"
  dependencies:
    ini: 4.1.1
  checksum: 5b4df24438a4e5f21e43fbdd9e54f5e12bb48dce01a0a83b415d8052ce91be2d3a97e0c8f98a535e69649b2190036155e9f0f7d3c62f9318f31bdc3fd4f235f5
  languageName: node
  linkType: hard

"human-signals@npm:^5.0.0":
  version: 5.0.0
  resolution: "human-signals@npm:5.0.0"
  checksum: 6504560d5ed91444f16bea3bd9dfc66110a339442084e56c3e7fa7bbdf3f406426d6563d662bdce67064b165eac31eeabfc0857ed170aaa612cf14ec9f9a464c
  languageName: node
  linkType: hard

"husky@npm:^9.1.7":
  version: 9.1.7
  resolution: "husky@npm:9.1.7"
  bin:
    husky: bin.js
  checksum: c2412753f15695db369634ba70f50f5c0b7e5cb13b673d0826c411ec1bd9ddef08c1dad89ea154f57da2521d2605bd64308af748749b27d08c5f563bcd89975f
  languageName: node
  linkType: hard

"import-fresh@npm:^3.3.0":
  version: 3.3.1
  resolution: "import-fresh@npm:3.3.1"
  dependencies:
    parent-module: ^1.0.0
    resolve-from: ^4.0.0
  checksum: a06b19461b4879cc654d46f8a6244eb55eb053437afd4cbb6613cad6be203811849ed3e4ea038783092879487299fda24af932b86bdfff67c9055ba3612b8c87
  languageName: node
  linkType: hard

"import-meta-resolve@npm:^4.0.0":
  version: 4.1.0
  resolution: "import-meta-resolve@npm:4.1.0"
  checksum: 6497af27bf3ee384ad4efd4e0ec3facf9a114863f35a7b35f248659f32faa5e1ae07baa74d603069f35734ae3718a78b3f66926f98dc9a62e261e7df37854a62
  languageName: node
  linkType: hard

"ini@npm:4.1.1":
  version: 4.1.1
  resolution: "ini@npm:4.1.1"
  checksum: 0e5909554074fbc31824fa5415b0f604de4a665514c96a897a77bf77353a7ad4743927321270e9d0610a9d510ccd1f3cd77422f7cc80d8f4542dbce75476fb6d
  languageName: node
  linkType: hard

"is-arrayish@npm:^0.2.1":
  version: 0.2.1
  resolution: "is-arrayish@npm:0.2.1"
  checksum: eef4417e3c10e60e2c810b6084942b3ead455af16c4509959a27e490e7aee87cfb3f38e01bbde92220b528a0ee1a18d52b787e1458ee86174d8c7f0e58cd488f
  languageName: node
  linkType: hard

"is-fullwidth-code-point@npm:^3.0.0":
  version: 3.0.0
  resolution: "is-fullwidth-code-point@npm:3.0.0"
  checksum: 44a30c29457c7fb8f00297bce733f0a64cd22eca270f83e58c105e0d015e45c019491a4ab2faef91ab51d4738c670daff901c799f6a700e27f7314029e99e348
  languageName: node
  linkType: hard

"is-fullwidth-code-point@npm:^4.0.0":
  version: 4.0.0
  resolution: "is-fullwidth-code-point@npm:4.0.0"
  checksum: 8ae89bf5057bdf4f57b346fb6c55e9c3dd2549983d54191d722d5c739397a903012cc41a04ee3403fd872e811243ef91a7c5196da7b5841dc6b6aae31a264a8d
  languageName: node
  linkType: hard

"is-fullwidth-code-point@npm:^5.0.0":
  version: 5.0.0
  resolution: "is-fullwidth-code-point@npm:5.0.0"
  dependencies:
    get-east-asian-width: ^1.0.0
  checksum: 8dfb2d2831b9e87983c136f5c335cd9d14c1402973e357a8ff057904612ed84b8cba196319fabedf9aefe4639e14fe3afe9d9966d1d006ebeb40fe1fed4babe5
  languageName: node
  linkType: hard

"is-number@npm:^7.0.0":
  version: 7.0.0
  resolution: "is-number@npm:7.0.0"
  checksum: 456ac6f8e0f3111ed34668a624e45315201dff921e5ac181f8ec24923b99e9f32ca1a194912dc79d539c97d33dba17dc635202ff0b2cf98326f608323276d27a
  languageName: node
  linkType: hard

"is-obj@npm:^2.0.0":
  version: 2.0.0
  resolution: "is-obj@npm:2.0.0"
  checksum: c9916ac8f4621962a42f5e80e7ffdb1d79a3fab7456ceaeea394cd9e0858d04f985a9ace45be44433bf605673c8be8810540fe4cc7f4266fc7526ced95af5a08
  languageName: node
  linkType: hard

"is-stream@npm:^3.0.0":
  version: 3.0.0
  resolution: "is-stream@npm:3.0.0"
  checksum: 172093fe99119ffd07611ab6d1bcccfe8bc4aa80d864b15f43e63e54b7abc71e779acd69afdb854c4e2a67fdc16ae710e370eda40088d1cfc956a50ed82d8f16
  languageName: node
  linkType: hard

"is-text-path@npm:^2.0.0":
  version: 2.0.0
  resolution: "is-text-path@npm:2.0.0"
  dependencies:
    text-extensions: ^2.0.0
  checksum: 3a8725fc7c0d4c7741a97993bc2fecc09a0963660394d3ee76145274366c98ad57c6791d20d4ef829835f573b1137265051c05ecd65fbe72f69bb9ab9e3babbd
  languageName: node
  linkType: hard

"isexe@npm:^2.0.0":
  version: 2.0.0
  resolution: "isexe@npm:2.0.0"
  checksum: 26bf6c5480dda5161c820c5b5c751ae1e766c587b1f951ea3fcfc973bafb7831ae5b54a31a69bd670220e42e99ec154475025a468eae58ea262f813fdc8d1c62
  languageName: node
  linkType: hard

"jiti@npm:^2.4.1":
  version: 2.4.2
  resolution: "jiti@npm:2.4.2"
  bin:
    jiti: lib/jiti-cli.mjs
  checksum: c6c30c7b6b293e9f26addfb332b63d964a9f143cdd2cf5e946dbe5143db89f7c1b50ad9223b77fb1f6ddb0b9c5ecef995fea024ecf7d2861d285d779cde66e1e
  languageName: node
  linkType: hard

"js-tokens@npm:^4.0.0":
  version: 4.0.0
  resolution: "js-tokens@npm:4.0.0"
  checksum: 8a95213a5a77deb6cbe94d86340e8d9ace2b93bc367790b260101d2f36a2eaf4e4e22d9fa9cf459b38af3a32fb4190e638024cf82ec95ef708680e405ea7cc78
  languageName: node
  linkType: hard

"js-yaml@npm:^4.1.0":
  version: 4.1.0
  resolution: "js-yaml@npm:4.1.0"
  dependencies:
    argparse: ^2.0.1
  bin:
    js-yaml: bin/js-yaml.js
  checksum: c7830dfd456c3ef2c6e355cc5a92e6700ceafa1d14bba54497b34a99f0376cecbb3e9ac14d3e5849b426d5a5140709a66237a8c991c675431271c4ce5504151a
  languageName: node
  linkType: hard

"json-parse-even-better-errors@npm:^2.3.0":
  version: 2.3.1
  resolution: "json-parse-even-better-errors@npm:2.3.1"
  checksum: 798ed4cf3354a2d9ccd78e86d2169515a0097a5c133337807cdf7f1fc32e1391d207ccfc276518cc1d7d8d4db93288b8a50ba4293d212ad1336e52a8ec0a941f
  languageName: node
  linkType: hard

"json-schema-traverse@npm:^1.0.0":
  version: 1.0.0
  resolution: "json-schema-traverse@npm:1.0.0"
  checksum: 02f2f466cdb0362558b2f1fd5e15cce82ef55d60cd7f8fa828cf35ba74330f8d767fcae5c5c2adb7851fa811766c694b9405810879bc4e1ddd78a7c0e03658ad
  languageName: node
  linkType: hard

"jsonparse@npm:^1.2.0":
  version: 1.3.1
  resolution: "jsonparse@npm:1.3.1"
  checksum: 6514a7be4674ebf407afca0eda3ba284b69b07f9958a8d3113ef1005f7ec610860c312be067e450c569aab8b89635e332cee3696789c750692bb60daba627f4d
  languageName: node
  linkType: hard

"lilconfig@npm:^3.1.3":
  version: 3.1.3
  resolution: "lilconfig@npm:3.1.3"
  checksum: 644eb10830350f9cdc88610f71a921f510574ed02424b57b0b3abb66ea725d7a082559552524a842f4e0272c196b88dfe1ff7d35ffcc6f45736777185cd67c9a
  languageName: node
  linkType: hard

"lines-and-columns@npm:^1.1.6":
  version: 1.2.4
  resolution: "lines-and-columns@npm:1.2.4"
  checksum: 0c37f9f7fa212b38912b7145e1cd16a5f3cd34d782441c3e6ca653485d326f58b3caccda66efce1c5812bde4961bbde3374fae4b0d11bf1226152337f3894aa5
  languageName: node
  linkType: hard

"lint-staged@npm:^15.4.3":
  version: 15.4.3
  resolution: "lint-staged@npm:15.4.3"
  dependencies:
    chalk: ^5.4.1
    commander: ^13.1.0
    debug: ^4.4.0
    execa: ^8.0.1
    lilconfig: ^3.1.3
    listr2: ^8.2.5
    micromatch: ^4.0.8
    pidtree: ^0.6.0
    string-argv: ^0.3.2
    yaml: ^2.7.0
  bin:
    lint-staged: bin/lint-staged.js
  checksum: b12b246c13fc1c7b0023a234244699fa1ec9b8ee15fae71e8109e7f10aa5f43c5cfa9d7eba6aa109cae6b6ffe7a1a50244f5df84e4b30d14e3764dbb66c5f66f
  languageName: node
  linkType: hard

"listr2@npm:^8.2.5":
  version: 8.2.5
  resolution: "listr2@npm:8.2.5"
  dependencies:
    cli-truncate: ^4.0.0
    colorette: ^2.0.20
    eventemitter3: ^5.0.1
    log-update: ^6.1.0
    rfdc: ^1.4.1
    wrap-ansi: ^9.0.0
  checksum: 0ca2387b067eb11bbe91863f36903f3a5a040790422a499cc1a15806d8497979e7d1990bd129061c0510906b2971eaa97a74a9635e3ec5abd5830c9749b655b9
  languageName: node
  linkType: hard

"locate-path@npm:^7.2.0":
  version: 7.2.0
  resolution: "locate-path@npm:7.2.0"
  dependencies:
    p-locate: ^6.0.0
  checksum: c1b653bdf29beaecb3d307dfb7c44d98a2a98a02ebe353c9ad055d1ac45d6ed4e1142563d222df9b9efebc2bcb7d4c792b507fad9e7150a04c29530b7db570f8
  languageName: node
  linkType: hard

"lodash.camelcase@npm:^4.3.0":
  version: 4.3.0
  resolution: "lodash.camelcase@npm:4.3.0"
  checksum: cb9227612f71b83e42de93eccf1232feeb25e705bdb19ba26c04f91e885bfd3dd5c517c4a97137658190581d3493ea3973072ca010aab7e301046d90740393d1
  languageName: node
  linkType: hard

"lodash.isplainobject@npm:^4.0.6":
  version: 4.0.6
  resolution: "lodash.isplainobject@npm:4.0.6"
  checksum: 29c6351f281e0d9a1d58f1a4c8f4400924b4c79f18dfc4613624d7d54784df07efaff97c1ff2659f3e085ecf4fff493300adc4837553104cef2634110b0d5337
  languageName: node
  linkType: hard

"lodash.kebabcase@npm:^4.1.1":
  version: 4.1.1
  resolution: "lodash.kebabcase@npm:4.1.1"
  checksum: 5a6c59161914e1bae23438a298c7433e83d935e0f59853fa862e691164696bc07f6dfa4c313d499fbf41ba8d53314e9850416502376705a357d24ee6ca33af78
  languageName: node
  linkType: hard

"lodash.merge@npm:^4.6.2":
  version: 4.6.2
  resolution: "lodash.merge@npm:4.6.2"
  checksum: ad580b4bdbb7ca1f7abf7e1bce63a9a0b98e370cf40194b03380a46b4ed799c9573029599caebc1b14e3f24b111aef72b96674a56cfa105e0f5ac70546cdc005
  languageName: node
  linkType: hard

"lodash.mergewith@npm:^4.6.2":
  version: 4.6.2
  resolution: "lodash.mergewith@npm:4.6.2"
  checksum: a6db2a9339752411f21b956908c404ec1e088e783a65c8b29e30ae5b3b6384f82517662d6f425cc97c2070b546cc2c7daaa8d33f78db7b6e9be06cd834abdeb8
  languageName: node
  linkType: hard

"lodash.snakecase@npm:^4.1.1":
  version: 4.1.1
  resolution: "lodash.snakecase@npm:4.1.1"
  checksum: 1685ed3e83dda6eae5a4dcaee161a51cd210aabb3e1c09c57150e7dd8feda19e4ca0d27d0631eabe8d0f4eaa51e376da64e8c018ae5415417c5890d42feb72a8
  languageName: node
  linkType: hard

"lodash.startcase@npm:^4.4.0":
  version: 4.4.0
  resolution: "lodash.startcase@npm:4.4.0"
  checksum: c03a4a784aca653845fe09d0ef67c902b6e49288dc45f542a4ab345a9c406a6dc194c774423fa313ee7b06283950301c1221dd2a1d8ecb2dac8dfbb9ed5606b5
  languageName: node
  linkType: hard

"lodash.uniq@npm:^4.5.0":
  version: 4.5.0
  resolution: "lodash.uniq@npm:4.5.0"
  checksum: a4779b57a8d0f3c441af13d9afe7ecff22dd1b8ce1129849f71d9bbc8e8ee4e46dfb4b7c28f7ad3d67481edd6e51126e4e2a6ee276e25906d10f7140187c392d
  languageName: node
  linkType: hard

"lodash.upperfirst@npm:^4.3.1":
  version: 4.3.1
  resolution: "lodash.upperfirst@npm:4.3.1"
  checksum: cadec6955900afe1928cc60cdc4923a79c2ef991e42665419cc81630ed9b4f952a1093b222e0141ab31cbc4dba549f97ec28ff67929d71e01861c97188a5fa83
  languageName: node
  linkType: hard

"log-update@npm:^6.1.0":
  version: 6.1.0
  resolution: "log-update@npm:6.1.0"
  dependencies:
    ansi-escapes: ^7.0.0
    cli-cursor: ^5.0.0
    slice-ansi: ^7.1.0
    strip-ansi: ^7.1.0
    wrap-ansi: ^9.0.0
  checksum: 817a9ba6c5cbc19e94d6359418df8cfe8b3244a2903f6d53354e175e243a85b782dc6a98db8b5e457ee2f09542ca8916c39641b9cd3b0e6ef45e9481d50c918a
  languageName: node
  linkType: hard

"meow@npm:^12.0.1":
  version: 12.1.1
  resolution: "meow@npm:12.1.1"
  checksum: a6f3be85fbe53430ef53ab933dd790c39216eb4dbaabdbef593aa59efb40ecaa417897000175476bc33eed09e4cbce01df7ba53ba91e9a4bd84ec07024cb8914
  languageName: node
  linkType: hard

"merge-stream@npm:^2.0.0":
  version: 2.0.0
  resolution: "merge-stream@npm:2.0.0"
  checksum: 6fa4dcc8d86629705cea944a4b88ef4cb0e07656ebf223fa287443256414283dd25d91c1cd84c77987f2aec5927af1a9db6085757cb43d90eb170ebf4b47f4f4
  languageName: node
  linkType: hard

"micromatch@npm:^4.0.8":
  version: 4.0.8
  resolution: "micromatch@npm:4.0.8"
  dependencies:
    braces: ^3.0.3
    picomatch: ^2.3.1
  checksum: 79920eb634e6f400b464a954fcfa589c4e7c7143209488e44baf627f9affc8b1e306f41f4f0deedde97e69cb725920879462d3e750ab3bd3c1aed675bb3a8966
  languageName: node
  linkType: hard

"mimic-fn@npm:^4.0.0":
  version: 4.0.0
  resolution: "mimic-fn@npm:4.0.0"
  checksum: 995dcece15ee29aa16e188de6633d43a3db4611bcf93620e7e62109ec41c79c0f34277165b8ce5e361205049766e371851264c21ac64ca35499acb5421c2ba56
  languageName: node
  linkType: hard

"mimic-function@npm:^5.0.0":
  version: 5.0.1
  resolution: "mimic-function@npm:5.0.1"
  checksum: eb5893c99e902ccebbc267c6c6b83092966af84682957f79313311edb95e8bb5f39fb048d77132b700474d1c86d90ccc211e99bae0935447a4834eb4c882982c
  languageName: node
  linkType: hard

"minimist@npm:^1.2.8":
  version: 1.2.8
  resolution: "minimist@npm:1.2.8"
  checksum: 75a6d645fb122dad29c06a7597bddea977258957ed88d7a6df59b5cd3fe4a527e253e9bbf2e783e4b73657f9098b96a5fe96ab8a113655d4109108577ecf85b0
  languageName: node
  linkType: hard

"ms@npm:^2.1.3":
  version: 2.1.3
  resolution: "ms@npm:2.1.3"
  checksum: aa92de608021b242401676e35cfa5aa42dd70cbdc082b916da7fb925c542173e36bce97ea3e804923fe92c0ad991434e4a38327e15a1b5b5f945d66df615ae6d
  languageName: node
  linkType: hard

"npm-run-path@npm:^5.1.0":
  version: 5.3.0
  resolution: "npm-run-path@npm:5.3.0"
  dependencies:
    path-key: ^4.0.0
  checksum: ae8e7a89da9594fb9c308f6555c73f618152340dcaae423e5fb3620026fefbec463618a8b761920382d666fa7a2d8d240b6fe320e8a6cdd54dc3687e2b659d25
  languageName: node
  linkType: hard

"onetime@npm:^6.0.0":
  version: 6.0.0
  resolution: "onetime@npm:6.0.0"
  dependencies:
    mimic-fn: ^4.0.0
  checksum: 0846ce78e440841335d4e9182ef69d5762e9f38aa7499b19f42ea1c4cd40f0b4446094c455c713f9adac3f4ae86f613bb5e30c99e52652764d06a89f709b3788
  languageName: node
  linkType: hard

"onetime@npm:^7.0.0":
  version: 7.0.0
  resolution: "onetime@npm:7.0.0"
  dependencies:
    mimic-function: ^5.0.0
  checksum: eb08d2da9339819e2f9d52cab9caf2557d80e9af8c7d1ae86e1a0fef027d00a88e9f5bd67494d350df360f7c559fbb44e800b32f310fb989c860214eacbb561c
  languageName: node
  linkType: hard

"p-limit@npm:^4.0.0":
  version: 4.0.0
  resolution: "p-limit@npm:4.0.0"
  dependencies:
    yocto-queue: ^1.0.0
  checksum: 01d9d70695187788f984226e16c903475ec6a947ee7b21948d6f597bed788e3112cc7ec2e171c1d37125057a5f45f3da21d8653e04a3a793589e12e9e80e756b
  languageName: node
  linkType: hard

"p-locate@npm:^6.0.0":
  version: 6.0.0
  resolution: "p-locate@npm:6.0.0"
  dependencies:
    p-limit: ^4.0.0
  checksum: 2bfe5234efa5e7a4e74b30a5479a193fdd9236f8f6b4d2f3f69e3d286d9a7d7ab0c118a2a50142efcf4e41625def635bd9332d6cbf9cc65d85eb0718c579ab38
  languageName: node
  linkType: hard

"parent-module@npm:^1.0.0":
  version: 1.0.1
  resolution: "parent-module@npm:1.0.1"
  dependencies:
    callsites: ^3.0.0
  checksum: 6ba8b255145cae9470cf5551eb74be2d22281587af787a2626683a6c20fbb464978784661478dd2a3f1dad74d1e802d403e1b03c1a31fab310259eec8ac560ff
  languageName: node
  linkType: hard

"parse-json@npm:^5.2.0":
  version: 5.2.0
  resolution: "parse-json@npm:5.2.0"
  dependencies:
    "@babel/code-frame": ^7.0.0
    error-ex: ^1.3.1
    json-parse-even-better-errors: ^2.3.0
    lines-and-columns: ^1.1.6
  checksum: 62085b17d64da57f40f6afc2ac1f4d95def18c4323577e1eced571db75d9ab59b297d1d10582920f84b15985cbfc6b6d450ccbf317644cfa176f3ed982ad87e2
  languageName: node
  linkType: hard

"path-exists@npm:^5.0.0":
  version: 5.0.0
  resolution: "path-exists@npm:5.0.0"
  checksum: 8ca842868cab09423994596eb2c5ec2a971c17d1a3cb36dbf060592c730c725cd524b9067d7d2a1e031fef9ba7bd2ac6dc5ec9fb92aa693265f7be3987045254
  languageName: node
  linkType: hard

"path-key@npm:^3.1.0":
  version: 3.1.1
  resolution: "path-key@npm:3.1.1"
  checksum: 55cd7a9dd4b343412a8386a743f9c746ef196e57c823d90ca3ab917f90ab9f13dd0ded27252ba49dbdfcab2b091d998bc446f6220cd3cea65db407502a740020
  languageName: node
  linkType: hard

"path-key@npm:^4.0.0":
  version: 4.0.0
  resolution: "path-key@npm:4.0.0"
  checksum: 8e6c314ae6d16b83e93032c61020129f6f4484590a777eed709c4a01b50e498822b00f76ceaf94bc64dbd90b327df56ceadce27da3d83393790f1219e07721d7
  languageName: node
  linkType: hard

"picocolors@npm:^1.0.0":
  version: 1.1.1
  resolution: "picocolors@npm:1.1.1"
  checksum: e1cf46bf84886c79055fdfa9dcb3e4711ad259949e3565154b004b260cd356c5d54b31a1437ce9782624bf766272fe6b0154f5f0c744fb7af5d454d2b60db045
  languageName: node
  linkType: hard

"picomatch@npm:^2.3.1":
  version: 2.3.1
  resolution: "picomatch@npm:2.3.1"
  checksum: 050c865ce81119c4822c45d3c84f1ced46f93a0126febae20737bd05ca20589c564d6e9226977df859ed5e03dc73f02584a2b0faad36e896936238238b0446cf
  languageName: node
  linkType: hard

"pidtree@npm:^0.6.0":
  version: 0.6.0
  resolution: "pidtree@npm:0.6.0"
  bin:
    pidtree: bin/pidtree.js
  checksum: 8fbc073ede9209dd15e80d616e65eb674986c93be49f42d9ddde8dbbd141bb53d628a7ca4e58ab5c370bb00383f67d75df59a9a226dede8fa801267a7030c27a
  languageName: node
  linkType: hard

"prettier@npm:^3.5.2":
  version: 3.5.2
  resolution: "prettier@npm:3.5.2"
  bin:
    prettier: bin/prettier.cjs
  checksum: 77adb755fca32a4f4176d02f69766e3a1ced9dd7e8df721c9aa0daee3328c2ab3845ae56fa2cda0c37936f5ff4f3cf4c3cf4dfcbc0d021192356b2af1c5cb7f0
  languageName: node
  linkType: hard

"product-feedback-app@workspace:.":
  version: 0.0.0-use.local
  resolution: "product-feedback-app@workspace:."
  dependencies:
    "@commitlint/cli": ^19.7.1
    "@commitlint/config-conventional": ^19.7.1
    husky: ^9.1.7
    lint-staged: ^15.4.3
    prettier: ^3.5.2
  languageName: unknown
  linkType: soft

"require-directory@npm:^2.1.1":
  version: 2.1.1
  resolution: "require-directory@npm:2.1.1"
  checksum: fb47e70bf0001fdeabdc0429d431863e9475e7e43ea5f94ad86503d918423c1543361cc5166d713eaa7029dd7a3d34775af04764bebff99ef413111a5af18c80
  languageName: node
  linkType: hard

"require-from-string@npm:^2.0.2":
  version: 2.0.2
  resolution: "require-from-string@npm:2.0.2"
  checksum: a03ef6895445f33a4015300c426699bc66b2b044ba7b670aa238610381b56d3f07c686251740d575e22f4c87531ba662d06937508f0f3c0f1ddc04db3130560b
  languageName: node
  linkType: hard

"resolve-from@npm:^4.0.0":
  version: 4.0.0
  resolution: "resolve-from@npm:4.0.0"
  checksum: f4ba0b8494846a5066328ad33ef8ac173801a51739eb4d63408c847da9a2e1c1de1e6cbbf72699211f3d13f8fc1325648b169bd15eb7da35688e30a5fb0e4a7f
  languageName: node
  linkType: hard

"resolve-from@npm:^5.0.0":
  version: 5.0.0
  resolution: "resolve-from@npm:5.0.0"
  checksum: 4ceeb9113e1b1372d0cd969f3468fa042daa1dd9527b1b6bb88acb6ab55d8b9cd65dbf18819f9f9ddf0db804990901dcdaade80a215e7b2c23daae38e64f5bdf
  languageName: node
  linkType: hard

"restore-cursor@npm:^5.0.0":
  version: 5.1.0
  resolution: "restore-cursor@npm:5.1.0"
  dependencies:
    onetime: ^7.0.0
    signal-exit: ^4.1.0
  checksum: 838dd54e458d89cfbc1a923b343c1b0f170a04100b4ce1733e97531842d7b440463967e521216e8ab6c6f8e89df877acc7b7f4c18ec76e99fb9bf5a60d358d2c
  languageName: node
  linkType: hard

"rfdc@npm:^1.4.1":
  version: 1.4.1
  resolution: "rfdc@npm:1.4.1"
  checksum: 3b05bd55062c1d78aaabfcea43840cdf7e12099968f368e9a4c3936beb744adb41cbdb315eac6d4d8c6623005d6f87fdf16d8a10e1ff3722e84afea7281c8d13
  languageName: node
  linkType: hard

"semver@npm:^7.6.0":
  version: 7.7.1
  resolution: "semver@npm:7.7.1"
  bin:
    semver: bin/semver.js
  checksum: 586b825d36874007c9382d9e1ad8f93888d8670040add24a28e06a910aeebd673a2eb9e3bf169c6679d9245e66efb9057e0852e70d9daa6c27372aab1dda7104
  languageName: node
  linkType: hard

"shebang-command@npm:^2.0.0":
  version: 2.0.0
  resolution: "shebang-command@npm:2.0.0"
  dependencies:
    shebang-regex: ^3.0.0
  checksum: 6b52fe87271c12968f6a054e60f6bde5f0f3d2db483a1e5c3e12d657c488a15474121a1d55cd958f6df026a54374ec38a4a963988c213b7570e1d51575cea7fa
  languageName: node
  linkType: hard

"shebang-regex@npm:^3.0.0":
  version: 3.0.0
  resolution: "shebang-regex@npm:3.0.0"
  checksum: 1a2bcae50de99034fcd92ad4212d8e01eedf52c7ec7830eedcf886622804fe36884278f2be8be0ea5fde3fd1c23911643a4e0f726c8685b61871c8908af01222
  languageName: node
  linkType: hard

"signal-exit@npm:^4.1.0":
  version: 4.1.0
  resolution: "signal-exit@npm:4.1.0"
  checksum: 64c757b498cb8629ffa5f75485340594d2f8189e9b08700e69199069c8e3070fb3e255f7ab873c05dc0b3cec412aea7402e10a5990cb6a050bd33ba062a6c549
  languageName: node
  linkType: hard

"slice-ansi@npm:^5.0.0":
  version: 5.0.0
  resolution: "slice-ansi@npm:5.0.0"
  dependencies:
    ansi-styles: ^6.0.0
    is-fullwidth-code-point: ^4.0.0
  checksum: 7e600a2a55e333a21ef5214b987c8358fe28bfb03c2867ff2cbf919d62143d1812ac27b4297a077fdaf27a03da3678e49551c93e35f9498a3d90221908a1180e
  languageName: node
  linkType: hard

"slice-ansi@npm:^7.1.0":
  version: 7.1.0
  resolution: "slice-ansi@npm:7.1.0"
  dependencies:
    ansi-styles: ^6.2.1
    is-fullwidth-code-point: ^5.0.0
  checksum: 10313dd3cf7a2e4b265f527b1684c7c568210b09743fd1bd74f2194715ed13ffba653dc93a5fa79e3b1711518b8990a732cb7143aa01ddafe626e99dfa6474b2
  languageName: node
  linkType: hard

"split2@npm:^4.0.0":
  version: 4.2.0
  resolution: "split2@npm:4.2.0"
  checksum: 05d54102546549fe4d2455900699056580cca006c0275c334611420f854da30ac999230857a85fdd9914dc2109ae50f80fda43d2a445f2aa86eccdc1dfce779d
  languageName: node
  linkType: hard

"string-argv@npm:^0.3.2":
  version: 0.3.2
  resolution: "string-argv@npm:0.3.2"
  checksum: 8703ad3f3db0b2641ed2adbb15cf24d3945070d9a751f9e74a924966db9f325ac755169007233e8985a39a6a292f14d4fee20482989b89b96e473c4221508a0f
  languageName: node
  linkType: hard

"string-width@npm:^4.1.0, string-width@npm:^4.2.0, string-width@npm:^4.2.3":
  version: 4.2.3
  resolution: "string-width@npm:4.2.3"
  dependencies:
    emoji-regex: ^8.0.0
    is-fullwidth-code-point: ^3.0.0
    strip-ansi: ^6.0.1
  checksum: e52c10dc3fbfcd6c3a15f159f54a90024241d0f149cf8aed2982a2d801d2e64df0bf1dc351cf8e95c3319323f9f220c16e740b06faecd53e2462df1d2b5443fb
  languageName: node
  linkType: hard

"string-width@npm:^7.0.0":
  version: 7.2.0
  resolution: "string-width@npm:7.2.0"
  dependencies:
    emoji-regex: ^10.3.0
    get-east-asian-width: ^1.0.0
    strip-ansi: ^7.1.0
  checksum: 42f9e82f61314904a81393f6ef75b832c39f39761797250de68c041d8ba4df2ef80db49ab6cd3a292923a6f0f409b8c9980d120f7d32c820b4a8a84a2598a295
  languageName: node
  linkType: hard

"strip-ansi@npm:^6.0.0, strip-ansi@npm:^6.0.1":
  version: 6.0.1
  resolution: "strip-ansi@npm:6.0.1"
  dependencies:
    ansi-regex: ^5.0.1
  checksum: f3cd25890aef3ba6e1a74e20896c21a46f482e93df4a06567cebf2b57edabb15133f1f94e57434e0a958d61186087b1008e89c94875d019910a213181a14fc8c
  languageName: node
  linkType: hard

"strip-ansi@npm:^7.1.0":
  version: 7.1.0
  resolution: "strip-ansi@npm:7.1.0"
  dependencies:
    ansi-regex: ^6.0.1
  checksum: 859c73fcf27869c22a4e4d8c6acfe690064659e84bef9458aa6d13719d09ca88dcfd40cbf31fd0be63518ea1a643fe070b4827d353e09533a5b0b9fd4553d64d
  languageName: node
  linkType: hard

"strip-final-newline@npm:^3.0.0":
  version: 3.0.0
  resolution: "strip-final-newline@npm:3.0.0"
  checksum: 23ee263adfa2070cd0f23d1ac14e2ed2f000c9b44229aec9c799f1367ec001478469560abefd00c5c99ee6f0b31c137d53ec6029c53e9f32a93804e18c201050
  languageName: node
  linkType: hard

"text-extensions@npm:^2.0.0":
  version: 2.4.0
  resolution: "text-extensions@npm:2.4.0"
  checksum: 9bdbc9959e004ccc86a6ec076d6c5bb6765978263e9d0d5febb640d7675c09919ea912f3fe9d50b68c3c7c43cc865610a7cb24954343abb31f74c205fbae4e45
  languageName: node
  linkType: hard

"through@npm:>=2.2.7 <3":
  version: 2.3.8
  resolution: "through@npm:2.3.8"
  checksum: a38c3e059853c494af95d50c072b83f8b676a9ba2818dcc5b108ef252230735c54e0185437618596c790bbba8fcdaef5b290405981ffa09dce67b1f1bf190cbd
  languageName: node
  linkType: hard

"tinyexec@npm:^0.3.0":
  version: 0.3.2
  resolution: "tinyexec@npm:0.3.2"
  checksum: bd491923020610bdeadb0d8cf5d70e7cbad5a3201620fd01048c9bf3b31ffaa75c33254e1540e13b993ce4e8187852b0b5a93057bb598e7a57afa2ca2048a35c
  languageName: node
  linkType: hard

"to-regex-range@npm:^5.0.1":
  version: 5.0.1
  resolution: "to-regex-range@npm:5.0.1"
  dependencies:
    is-number: ^7.0.0
  checksum: f76fa01b3d5be85db6a2a143e24df9f60dd047d151062d0ba3df62953f2f697b16fe5dad9b0ac6191c7efc7b1d9dcaa4b768174b7b29da89d4428e64bc0a20ed
  languageName: node
  linkType: hard

"undici-types@npm:~6.20.0":
  version: 6.20.0
  resolution: "undici-types@npm:6.20.0"
  checksum: b7bc50f012dc6afbcce56c9fd62d7e86b20a62ff21f12b7b5cbf1973b9578d90f22a9c7fe50e638e96905d33893bf2f9f16d98929c4673c2480de05c6c96ea8b
  languageName: node
  linkType: hard

"unicorn-magic@npm:^0.1.0":
  version: 0.1.0
  resolution: "unicorn-magic@npm:0.1.0"
  checksum: 48c5882ca3378f380318c0b4eb1d73b7e3c5b728859b060276e0a490051d4180966beeb48962d850fd0c6816543bcdfc28629dcd030bb62a286a2ae2acb5acb6
  languageName: node
  linkType: hard

"which@npm:^2.0.1":
  version: 2.0.2
  resolution: "which@npm:2.0.2"
  dependencies:
    isexe: ^2.0.0
  bin:
    node-which: ./bin/node-which
  checksum: 1a5c563d3c1b52d5f893c8b61afe11abc3bab4afac492e8da5bde69d550de701cf9806235f20a47b5c8fa8a1d6a9135841de2596535e998027a54589000e66d1
  languageName: node
  linkType: hard

"wrap-ansi@npm:^7.0.0":
  version: 7.0.0
  resolution: "wrap-ansi@npm:7.0.0"
  dependencies:
    ansi-styles: ^4.0.0
    string-width: ^4.1.0
    strip-ansi: ^6.0.0
  checksum: a790b846fd4505de962ba728a21aaeda189b8ee1c7568ca5e817d85930e06ef8d1689d49dbf0e881e8ef84436af3a88bc49115c2e2788d841ff1b8b5b51a608b
  languageName: node
  linkType: hard

"wrap-ansi@npm:^9.0.0":
  version: 9.0.0
  resolution: "wrap-ansi@npm:9.0.0"
  dependencies:
    ansi-styles: ^6.2.1
    string-width: ^7.0.0
    strip-ansi: ^7.1.0
  checksum: b2d43b76b3d8dcbdd64768165e548aad3e54e1cae4ecd31bac9966faaa7cf0b0345677ad6879db10ba58eb446ba8fa44fb82b4951872fd397f096712467a809f
  languageName: node
  linkType: hard

"y18n@npm:^5.0.5":
  version: 5.0.8
  resolution: "y18n@npm:5.0.8"
  checksum: 54f0fb95621ee60898a38c572c515659e51cc9d9f787fb109cef6fde4befbe1c4602dc999d30110feee37456ad0f1660fa2edcfde6a9a740f86a290999550d30
  languageName: node
  linkType: hard

"yaml@npm:^2.7.0":
  version: 2.7.0
  resolution: "yaml@npm:2.7.0"
  bin:
    yaml: bin.mjs
  checksum: 6e8b2f9b9d1b18b10274d58eb3a47ec223d9a93245a890dcb34d62865f7e744747190a9b9177d5f0ef4ea2e44ad2c0214993deb42e0800766203ac46f00a12dd
  languageName: node
  linkType: hard

"yargs-parser@npm:^21.1.1":
  version: 21.1.1
  resolution: "yargs-parser@npm:21.1.1"
  checksum: ed2d96a616a9e3e1cc7d204c62ecc61f7aaab633dcbfab2c6df50f7f87b393993fe6640d017759fe112d0cb1e0119f2b4150a87305cc873fd90831c6a58ccf1c
  languageName: node
  linkType: hard

"yargs@npm:^17.0.0":
  version: 17.7.2
  resolution: "yargs@npm:17.7.2"
  dependencies:
    cliui: ^8.0.1
    escalade: ^3.1.1
    get-caller-file: ^2.0.5
    require-directory: ^2.1.1
    string-width: ^4.2.3
    y18n: ^5.0.5
    yargs-parser: ^21.1.1
  checksum: 73b572e863aa4a8cbef323dd911d79d193b772defd5a51aab0aca2d446655216f5002c42c5306033968193bdbf892a7a4c110b0d77954a7fdf563e653967b56a
  languageName: node
  linkType: hard

"yocto-queue@npm:^1.0.0":
  version: 1.1.1
  resolution: "yocto-queue@npm:1.1.1"
  checksum: f2e05b767ed3141e6372a80af9caa4715d60969227f38b1a4370d60bffe153c9c5b33a862905609afc9b375ec57cd40999810d20e5e10229a204e8bde7ef255c
  languageName: node
  linkType: hard
